
Microsoft Visual Studio Solution File, Format Version 12.00
# Visual Studio Version 16
VisualStudioVersion = 16.0.31729.503
MinimumVisualStudioVersion = 10.0.40219.1
Project("{FAE04EC0-301F-11D3-BF4B-00C04F79EFBC}") = "ChristiansøApp.Android", "ChristiansøApp\ChristiansøApp.Android\ChristiansøApp.Android.csproj", "{59F2191C-03D6-4EBE-A2D0-CBE320442B7C}"
EndProject
Project("{FAE04EC0-301F-11D3-BF4B-00C04F79EFBC}") = "ChristiansøApp.iOS", "ChristiansøApp\ChristiansøApp.iOS\ChristiansøApp.iOS.csproj", "{32DA2A4D-B032-424F-8915-9E5724FA6ED3}"
EndProject
Project("{FAE04EC0-301F-11D3-BF4B-00C04F79EFBC}") = "ChristiansøApp", "ChristiansøApp\ChristiansøApp\ChristiansøApp.csproj", "{8A2F32C8-E705-462E-B823-A776B5B98B44}"
EndProject
Global
	GlobalSection(SolutionConfigurationPlatforms) = preSolution
		Debug|Any CPU = Debug|Any CPU
		Debug|iPhone = Debug|iPhone
		Debug|iPhoneSimulator = Debug|iPhoneSimulator
		Release|Any CPU = Release|Any CPU
		Release|iPhone = Release|iPhone
		Release|iPhoneSimulator = Release|iPhoneSimulator
	EndGlobalSection
	GlobalSection(ProjectConfigurationPlatforms) = postSolution
		{59F2191C-03D6-4EBE-A2D0-CBE320442B7C}.Debug|Any CPU.ActiveCfg = Debug|Any CPU
		{59F2191C-03D6-4EBE-A2D0-CBE320442B7C}.Debug|Any CPU.Build.0 = Debug|Any CPU
		{59F2191C-03D6-4EBE-A2D0-CBE320442B7C}.Debug|Any CPU.Deploy.0 = Debug|Any CPU
		{59F2191C-03D6-4EBE-A2D0-CBE320442B7C}.Debug|iPhone.ActiveCfg = Debug|Any CPU
		{59F2191C-03D6-4EBE-A2D0-CBE320442B7C}.Debug|iPhone.Build.0 = Debug|Any CPU
		{59F2191C-03D6-4EBE-A2D0-CBE320442B7C}.Debug|iPhone.Deploy.0 = Debug|Any CPU
		{59F2191C-03D6-4EBE-A2D0-CBE320442B7C}.Debug|iPhoneSimulator.ActiveCfg = Debug|Any CPU
		{59F2191C-03D6-4EBE-A2D0-CBE320442B7C}.Debug|iPhoneSimulator.Build.0 = Debug|Any CPU
		{59F2191C-03D6-4EBE-A2D0-CBE320442B7C}.Debug|iPhoneSimulator.Deploy.0 = Debug|Any CPU
		{59F2191C-03D6-4EBE-A2D0-CBE320442B7C}.Release|Any CPU.ActiveCfg = Release|Any CPU
		{59F2191C-03D6-4EBE-A2D0-CBE320442B7C}.Release|Any CPU.Build.0 = Release|Any CPU
		{59F2191C-03D6-4EBE-A2D0-CBE320442B7C}.Release|Any CPU.Deploy.0 = Release|Any CPU
		{59F2191C-03D6-4EBE-A2D0-CBE320442B7C}.Release|iPhone.ActiveCfg = Release|Any CPU
		{59F2191C-03D6-4EBE-A2D0-CBE320442B7C}.Release|iPhone.Build.0 = Release|Any CPU
		{59F2191C-03D6-4EBE-A2D0-CBE320442B7C}.Release|iPhone.Deploy.0 = Release|Any CPU
		{59F2191C-03D6-4EBE-A2D0-CBE320442B7C}.Release|iPhoneSimulator.ActiveCfg = Release|Any CPU
		{59F2191C-03D6-4EBE-A2D0-CBE320442B7C}.Release|iPhoneSimulator.Build.0 = Release|Any CPU
		{59F2191C-03D6-4EBE-A2D0-CBE320442B7C}.Release|iPhoneSimulator.Deploy.0 = Release|Any CPU
		{32DA2A4D-B032-424F-8915-9E5724FA6ED3}.Debug|Any CPU.ActiveCfg = Debug|iPhone
		{32DA2A4D-B032-424F-8915-9E5724FA6ED3}.Debug|Any CPU.Build.0 = Debug|iPhone
		{32DA2A4D-B032-424F-8915-9E5724FA6ED3}.Debug|Any CPU.Deploy.0 = Debug|iPhone
		{32DA2A4D-B032-424F-8915-9E5724FA6ED3}.Debug|iPhone.ActiveCfg = Debug|iPhone
		{32DA2A4D-B032-424F-8915-9E5724FA6ED3}.Debug|iPhone.Build.0 = Debug|iPhone
		{32DA2A4D-B032-424F-8915-9E5724FA6ED3}.Debug|iPhone.Deploy.0 = Debug|iPhone
		{32DA2A4D-B032-424F-8915-9E5724FA6ED3}.Debug|iPhoneSimulator.ActiveCfg = Debug|iPhoneSimulator
		{32DA2A4D-B032-424F-8915-9E5724FA6ED3}.Debug|iPhoneSimulator.Build.0 = Debug|iPhoneSimulator
		{32DA2A4D-B032-424F-8915-9E5724FA6ED3}.Debug|iPhoneSimulator.Deploy.0 = Debug|iPhoneSimulator
		{32DA2A4D-B032-424F-8915-9E5724FA6ED3}.Release|Any CPU.ActiveCfg = Release|iPhoneSimulator
		{32DA2A4D-B032-424F-8915-9E5724FA6ED3}.Release|Any CPU.Build.0 = Release|iPhoneSimulator
		{32DA2A4D-B032-424F-8915-9E5724FA6ED3}.Release|Any CPU.Deploy.0 = Release|iPhoneSimulator
		{32DA2A4D-B032-424F-8915-9E5724FA6ED3}.Release|iPhone.ActiveCfg = Release|iPhone
		{32DA2A4D-B032-424F-8915-9E5724FA6ED3}.Release|iPhone.Build.0 = Release|iPhone
		{32DA2A4D-B032-424F-8915-9E5724FA6ED3}.Release|iPhone.Deploy.0 = Release|iPhone
		{32DA2A4D-B032-424F-8915-9E5724FA6ED3}.Release|iPhoneSimulator.ActiveCfg = Release|iPhoneSimulator
		{32DA2A4D-B032-424F-8915-9E5724FA6ED3}.Release|iPhoneSimulator.Build.0 = Release|iPhoneSimulator
		{32DA2A4D-B032-424F-8915-9E5724FA6ED3}.Release|iPhoneSimulator.Deploy.0 = Release|iPhoneSimulator
		{8A2F32C8-E705-462E-B823-A776B5B98B44}.Debug|Any CPU.ActiveCfg = Debug|Any CPU
		{8A2F32C8-E705-462E-B823-A776B5B98B44}.Debug|Any CPU.Build.0 = Debug|Any CPU
		{8A2F32C8-E705-462E-B823-A776B5B98B44}.Debug|Any CPU.Deploy.0 = Debug|Any CPU
		{8A2F32C8-E705-462E-B823-A776B5B98B44}.Debug|iPhone.ActiveCfg = Debug|Any CPU
		{8A2F32C8-E705-462E-B823-A776B5B98B44}.Debug|iPhone.Build.0 = Debug|Any CPU
		{8A2F32C8-E705-462E-B823-A776B5B98B44}.Debug|iPhone.Deploy.0 = Debug|Any CPU
		{8A2F32C8-E705-462E-B823-A776B5B98B44}.Debug|iPhoneSimulator.ActiveCfg = Debug|Any CPU
		{8A2F32C8-E705-462E-B823-A776B5B98B44}.Debug|iPhoneSimulator.Build.0 = Debug|Any CPU
		{8A2F32C8-E705-462E-B823-A776B5B98B44}.Debug|iPhoneSimulator.Deploy.0 = Debug|Any CPU
		{8A2F32C8-E705-462E-B823-A776B5B98B44}.Release|Any CPU.ActiveCfg = Release|Any CPU
		{8A2F32C8-E705-462E-B823-A776B5B98B44}.Release|Any CPU.Build.0 = Release|Any CPU
		{8A2F32C8-E705-462E-B823-A776B5B98B44}.Release|Any CPU.Deploy.0 = Release|Any CPU
		{8A2F32C8-E705-462E-B823-A776B5B98B44}.Release|iPhone.ActiveCfg = Release|Any CPU
		{8A2F32C8-E705-462E-B823-A776B5B98B44}.Release|iPhone.Build.0 = Release|Any CPU
		{8A2F32C8-E705-462E-B823-A776B5B98B44}.Release|iPhone.Deploy.0 = Release|Any CPU
		{8A2F32C8-E705-462E-B823-A776B5B98B44}.Release|iPhoneSimulator.ActiveCfg = Release|Any CPU
		{8A2F32C8-E705-462E-B823-A776B5B98B44}.Release|iPhoneSimulator.Build.0 = Release|Any CPU
		{8A2F32C8-E705-462E-B823-A776B5B98B44}.Release|iPhoneSimulator.Deploy.0 = Release|Any CPU
	EndGlobalSection
	GlobalSection(SolutionProperties) = preSolution
		HideSolutionNode = FALSE
	EndGlobalSection
	GlobalSection(ExtensibilityGlobals) = postSolution
		SolutionGuid = {71606E65-4753-4500-8AE9-33089DA12CF1}
	EndGlobalSection
EndGlobal
